
Microsoft Visual Studio Solution File, Format Version 12.00
# Visual Studio Version 17
VisualStudioVersion = 17.1.32210.238
MinimumVisualStudioVersion = 10.0.40219.1
Project("{FAE04EC0-301F-11D3-BF4B-00C04F79EFBC}") = "FacebookLoginX.Android", "FacebookLoginX\FacebookLoginX.Android\FacebookLoginX.Android.csproj", "{845B38A6-B7C8-4B7C-B692-51A3F1FB9B93}"
EndProject
Project("{FAE04EC0-301F-11D3-BF4B-00C04F79EFBC}") = "FacebookLoginX.iOS", "FacebookLoginX\FacebookLoginX.iOS\FacebookLoginX.iOS.csproj", "{221352FA-2E77-4230-BC44-2BE58880135C}"
EndProject
Project("{FAE04EC0-301F-11D3-BF4B-00C04F79EFBC}") = "FacebookLoginX", "FacebookLoginX\FacebookLoginX\FacebookLoginX.csproj", "{FDD8EE4F-2B7A-44A8-9F97-4AC70979199C}"
EndProject
Global
	GlobalSection(SolutionConfigurationPlatforms) = preSolution
		Debug|Any CPU = Debug|Any CPU
		Debug|iPhone = Debug|iPhone
		Debug|iPhoneSimulator = Debug|iPhoneSimulator
		Release|Any CPU = Release|Any CPU
		Release|iPhone = Release|iPhone
		Release|iPhoneSimulator = Release|iPhoneSimulator
	EndGlobalSection
	GlobalSection(ProjectConfigurationPlatforms) = postSolution
		{845B38A6-B7C8-4B7C-B692-51A3F1FB9B93}.Debug|Any CPU.ActiveCfg = Debug|Any CPU
		{845B38A6-B7C8-4B7C-B692-51A3F1FB9B93}.Debug|Any CPU.Build.0 = Debug|Any CPU
		{845B38A6-B7C8-4B7C-B692-51A3F1FB9B93}.Debug|Any CPU.Deploy.0 = Debug|Any CPU
		{845B38A6-B7C8-4B7C-B692-51A3F1FB9B93}.Debug|iPhone.ActiveCfg = Debug|Any CPU
		{845B38A6-B7C8-4B7C-B692-51A3F1FB9B93}.Debug|iPhone.Build.0 = Debug|Any CPU
		{845B38A6-B7C8-4B7C-B692-51A3F1FB9B93}.Debug|iPhone.Deploy.0 = Debug|Any CPU
		{845B38A6-B7C8-4B7C-B692-51A3F1FB9B93}.Debug|iPhoneSimulator.ActiveCfg = Debug|Any CPU
		{845B38A6-B7C8-4B7C-B692-51A3F1FB9B93}.Debug|iPhoneSimulator.Build.0 = Debug|Any CPU
		{845B38A6-B7C8-4B7C-B692-51A3F1FB9B93}.Debug|iPhoneSimulator.Deploy.0 = Debug|Any CPU
		{845B38A6-B7C8-4B7C-B692-51A3F1FB9B93}.Release|Any CPU.ActiveCfg = Release|Any CPU
		{845B38A6-B7C8-4B7C-B692-51A3F1FB9B93}.Release|Any CPU.Build.0 = Release|Any CPU
		{845B38A6-B7C8-4B7C-B692-51A3F1FB9B93}.Release|Any CPU.Deploy.0 = Release|Any CPU
		{845B38A6-B7C8-4B7C-B692-51A3F1FB9B93}.Release|iPhone.ActiveCfg = Release|Any CPU
		{845B38A6-B7C8-4B7C-B692-51A3F1FB9B93}.Release|iPhone.Build.0 = Release|Any CPU
		{845B38A6-B7C8-4B7C-B692-51A3F1FB9B93}.Release|iPhone.Deploy.0 = Release|Any CPU
		{845B38A6-B7C8-4B7C-B692-51A3F1FB9B93}.Release|iPhoneSimulator.ActiveCfg = Release|Any CPU
		{845B38A6-B7C8-4B7C-B692-51A3F1FB9B93}.Release|iPhoneSimulator.Build.0 = Release|Any CPU
		{845B38A6-B7C8-4B7C-B692-51A3F1FB9B93}.Release|iPhoneSimulator.Deploy.0 = Release|Any CPU
		{221352FA-2E77-4230-BC44-2BE58880135C}.Debug|Any CPU.ActiveCfg = Debug|iPhone
		{221352FA-2E77-4230-BC44-2BE58880135C}.Debug|Any CPU.Build.0 = Debug|iPhone
		{221352FA-2E77-4230-BC44-2BE58880135C}.Debug|Any CPU.Deploy.0 = Debug|iPhone
		{221352FA-2E77-4230-BC44-2BE58880135C}.Debug|iPhone.ActiveCfg = Debug|iPhone
		{221352FA-2E77-4230-BC44-2BE58880135C}.Debug|iPhone.Build.0 = Debug|iPhone
		{221352FA-2E77-4230-BC44-2BE58880135C}.Debug|iPhone.Deploy.0 = Debug|iPhone
		{221352FA-2E77-4230-BC44-2BE58880135C}.Debug|iPhoneSimulator.ActiveCfg = Debug|iPhoneSimulator
		{221352FA-2E77-4230-BC44-2BE58880135C}.Debug|iPhoneSimulator.Build.0 = Debug|iPhoneSimulator
		{221352FA-2E77-4230-BC44-2BE58880135C}.Debug|iPhoneSimulator.Deploy.0 = Debug|iPhoneSimulator
		{221352FA-2E77-4230-BC44-2BE58880135C}.Release|Any CPU.ActiveCfg = Release|iPhoneSimulator
		{221352FA-2E77-4230-BC44-2BE58880135C}.Release|Any CPU.Build.0 = Release|iPhoneSimulator
		{221352FA-2E77-4230-BC44-2BE58880135C}.Release|Any CPU.Deploy.0 = Release|iPhoneSimulator
		{221352FA-2E77-4230-BC44-2BE58880135C}.Release|iPhone.ActiveCfg = Release|iPhone
		{221352FA-2E77-4230-BC44-2BE58880135C}.Release|iPhone.Build.0 = Release|iPhone
		{221352FA-2E77-4230-BC44-2BE58880135C}.Release|iPhone.Deploy.0 = Release|iPhone
		{221352FA-2E77-4230-BC44-2BE58880135C}.Release|iPhoneSimulator.ActiveCfg = Release|iPhoneSimulator
		{221352FA-2E77-4230-BC44-2BE58880135C}.Release|iPhoneSimulator.Build.0 = Release|iPhoneSimulator
		{221352FA-2E77-4230-BC44-2BE58880135C}.Release|iPhoneSimulator.Deploy.0 = Release|iPhoneSimulator
		{FDD8EE4F-2B7A-44A8-9F97-4AC70979199C}.Debug|Any CPU.ActiveCfg = Debug|Any CPU
		{FDD8EE4F-2B7A-44A8-9F97-4AC70979199C}.Debug|Any CPU.Build.0 = Debug|Any CPU
		{FDD8EE4F-2B7A-44A8-9F97-4AC70979199C}.Debug|Any CPU.Deploy.0 = Debug|Any CPU
		{FDD8EE4F-2B7A-44A8-9F97-4AC70979199C}.Debug|iPhone.ActiveCfg = Debug|Any CPU
		{FDD8EE4F-2B7A-44A8-9F97-4AC70979199C}.Debug|iPhone.Build.0 = Debug|Any CPU
		{FDD8EE4F-2B7A-44A8-9F97-4AC70979199C}.Debug|iPhone.Deploy.0 = Debug|Any CPU
		{FDD8EE4F-2B7A-44A8-9F97-4AC70979199C}.Debug|iPhoneSimulator.ActiveCfg = Debug|Any CPU
		{FDD8EE4F-2B7A-44A8-9F97-4AC70979199C}.Debug|iPhoneSimulator.Build.0 = Debug|Any CPU
		{FDD8EE4F-2B7A-44A8-9F97-4AC70979199C}.Debug|iPhoneSimulator.Deploy.0 = Debug|Any CPU
		{FDD8EE4F-2B7A-44A8-9F97-4AC70979199C}.Release|Any CPU.ActiveCfg = Release|Any CPU
		{FDD8EE4F-2B7A-44A8-9F97-4AC70979199C}.Release|Any CPU.Build.0 = Release|Any CPU
		{FDD8EE4F-2B7A-44A8-9F97-4AC70979199C}.Release|Any CPU.Deploy.0 = Release|Any CPU
		{FDD8EE4F-2B7A-44A8-9F97-4AC70979199C}.Release|iPhone.ActiveCfg = Release|Any CPU
		{FDD8EE4F-2B7A-44A8-9F97-4AC70979199C}.Release|iPhone.Build.0 = Release|Any CPU
		{FDD8EE4F-2B7A-44A8-9F97-4AC70979199C}.Release|iPhone.Deploy.0 = Release|Any CPU
		{FDD8EE4F-2B7A-44A8-9F97-4AC70979199C}.Release|iPhoneSimulator.ActiveCfg = Release|Any CPU
		{FDD8EE4F-2B7A-44A8-9F97-4AC70979199C}.Release|iPhoneSimulator.Build.0 = Release|Any CPU
		{FDD8EE4F-2B7A-44A8-9F97-4AC70979199C}.Release|iPhoneSimulator.Deploy.0 = Release|Any CPU
	EndGlobalSection
	GlobalSection(SolutionProperties) = preSolution
		HideSolutionNode = FALSE
	EndGlobalSection
	GlobalSection(ExtensibilityGlobals) = postSolution
		SolutionGuid = {E7E5DB66-836F-48AB-8523-4BFAABB1011B}
	EndGlobalSection
EndGlobal
